{
  "name": "rappid",
  "version": "3.1.1",
  "lockfileVersion": 1,
  "requires": true,
  "dependencies": {
    "@types/backbone": {
      "version": "1.4.1",
      "resolved": "https://registry.npmjs.org/@types/backbone/-/backbone-1.4.1.tgz",
      "integrity": "sha512-KYfGuQy4d2vvYXbn0uHFZ6brFLndatTMomxBlljpbWf4kFpA3BG/6LA3ec+J9iredrX6eAVI7sm9SVAvwiIM6g==",
      "dev": true,
      "requires": {
        "@types/jquery": "*",
        "@types/underscore": "*"
      }
    },
    "@types/graphlib": {
      "version": "2.1.5",
      "resolved": "https://registry.npmjs.org/@types/graphlib/-/graphlib-2.1.5.tgz",
      "integrity": "sha512-ZNQa42alTPUbBZ6c2einxsHmnz/YX/CqB8a1P5QTmbBqr9Q4x01fqPdXwBmMBQOm67fg9rACpidyIaCtvg8RVQ==",
      "dev": true
    },
    "@types/jquery": {
      "version": "3.3.30",
      "resolved": "https://registry.npmjs.org/@types/jquery/-/jquery-3.3.30.tgz",
      "integrity": "sha512-chB+QbLulamShZAFcTJtl8opZwHFBpDOP6nRLrPGkhC6N1aKWrDXg2Nc71tEg6ny6E8SQpRwbWSi9GdstH5VJA==",
      "dev": true,
      "requires": {
        "@types/sizzle": "*"
      }
    },
    "@types/lodash": {
      "version": "4.14.135",
      "resolved": "https://registry.npmjs.org/@types/lodash/-/lodash-4.14.135.tgz",
      "integrity": "sha512-Ed+tSZ9qM1oYpi5kzdsBuOzcAIn1wDW+e8TFJ50IMJMlSopGdJgKAbhHzN6h1E1OfjlGOr2JepzEWtg9NIfoNg==",
      "dev": true
    },
    "@types/sizzle": {
      "version": "2.3.2",
      "resolved": "https://registry.npmjs.org/@types/sizzle/-/sizzle-2.3.2.tgz",
      "integrity": "sha512-7EJYyKTL7tFR8+gDbB6Wwz/arpGa0Mywk1TJbNzKzHtzbwVmY4HR9WqS5VV7dsBUKQmPNr192jHr/VpBluj/hg==",
      "dev": true
    },
    "@types/underscore": {
      "version": "1.9.4",
      "resolved": "https://registry.npmjs.org/@types/underscore/-/underscore-1.9.4.tgz",
      "integrity": "sha512-CjHWEMECc2/UxOZh0kpiz3lEyX2Px3rQS9HzD20lxMvx571ivOBQKeLnqEjxUY0BMgp6WJWo/pQLRBwMW5v4WQ==",
      "dev": true
    },
    "backbone": {
      "version": "1.4.0",
      "resolved": "https://registry.npmjs.org/backbone/-/backbone-1.4.0.tgz",
      "integrity": "sha512-RLmDrRXkVdouTg38jcgHhyQ/2zjg7a8E6sz2zxfz21Hh17xDJYUHBZimVIt5fUyS8vbfpeSmTL3gUjTEvUV3qQ==",
      "requires": {
        "underscore": ">=1.8.3"
      }
    },
    "canvg-rappid": {
      "version": "1.0.3",
      "resolved": "https://registry.npmjs.org/canvg-rappid/-/canvg-rappid-1.0.3.tgz",
      "integrity": "sha512-Eje+Ckt/EZmVGuYYM/bgKz8C92AtjuYQoy4aafA4Zl9i995bfCTybdBt4T6kSUzguV5V1IY/wSvYKmmuqDJjUw==",
      "requires": {
        "rgbcolor": "0.0.4",
        "stackblur": "^1.0.0"
      }
    },
    "dagre": {
      "version": "0.8.4",
      "resolved": "https://registry.npmjs.org/dagre/-/dagre-0.8.4.tgz",
      "integrity": "sha512-Dj0csFDrWYKdavwROb9FccHfTC4fJbyF/oJdL9LNZJ8WUvl968P6PAKEriGqfbdArVJEmmfA+UyumgWEwcHU6A==",
      "requires": {
        "graphlib": "^2.1.7",
        "lodash": "^4.17.4"
      }
    },
    "graphlib": {
      "version": "2.1.7",
      "resolved": "https://registry.npmjs.org/graphlib/-/graphlib-2.1.7.tgz",
      "integrity": "sha512-TyI9jIy2J4j0qgPmOOrHTCtpPqJGN/aurBwc6ZT+bRii+di1I+Wv3obRhVrmBEXet+qkMaEX67dXrwsd3QQM6w==",
      "requires": {
        "lodash": "^4.17.5"
      }
    },
    "jointjs": {
      "version": "3.1.1",
      "resolved": "https://registry.npmjs.org/jointjs/-/jointjs-3.1.1.tgz",
      "integrity": "sha512-f9eMOrqGHL9voBsvmnKJAWW3/Jug+UXOI1YmL0LguoDM6pFvz9zok4shX5wjHI5awEGtA6/0YBXBBJjVKTV7xw==",
      "requires": {
        "backbone": "~1.4.0",
        "dagre": "~0.8.4",
        "graphlib": "~2.1.7",
        "jquery": "~3.4.1",
        "lodash": "~4.17.14"
      }
    },
    "jquery": {
      "version": "3.4.1",
      "resolved": "https://registry.npmjs.org/jquery/-/jquery-3.4.1.tgz",
      "integrity": "sha512-36+AdBzCL+y6qjw5Tx7HgzeGCzC81MDDgaUP8ld2zhx58HdqXGoBd+tHdrBMiyjGQs0Hxs/MLZTu/eHNJJuWPw=="
    },
    "lodash": {
      "version": "4.17.14",
      "resolved": "https://registry.npmjs.org/lodash/-/lodash-4.17.14.tgz",
      "integrity": "sha512-mmKYbW3GLuJeX+iGP+Y7Gp1AiGHGbXHCOh/jZmrawMmsE7MS4znI3RL2FsjbqOyMayHInjOeykW7PEajUk1/xw=="
    },
    "rgbcolor": {
      "version": "0.0.4",
      "resolved": "https://registry.npmjs.org/rgbcolor/-/rgbcolor-0.0.4.tgz",
      "integrity": "sha1-ygRhWi0D62Hknyp18jmkb7d9ix0="
    },
    "stackblur": {
      "version": "1.0.0",
      "resolved": "https://registry.npmjs.org/stackblur/-/stackblur-1.0.0.tgz",
      "integrity": "sha1-tAen4FyTsI1miDu4CNfLo6UD8S8="
    },
    "underscore": {
      "version": "1.9.2",
      "resolved": "https://registry.npmjs.org/underscore/-/underscore-1.9.2.tgz",
      "integrity": "sha512-D39qtimx0c1fI3ya1Lnhk3E9nONswSKhnffBI0gME9C99fYOkNi04xs8K6pePLhvl1frbDemkaBQ5ikWllR2HQ=="
    },
    "ws": {
      "version": "7.4.6",
      "resolved": "https://registry.npmjs.org/ws/-/ws-7.4.6.tgz",
      "integrity": "sha512-YmhHDO4MzaDLB+M9ym/mDA5z0naX8j7SIlT8f8z+I0VtzsRbekxEutHSme7NPS2qE8StCYQNUnfWdXta/Yu85A=="
    }
  }
}
